
Microsoft Visual Studio Solution File, Format Version 12.00
# Visual Studio Version 16
VisualStudioVersion = 16.0.30104.148
MinimumVisualStudioVersion = 10.0.40219.1
Project("{FAE04EC0-301F-11D3-BF4B-00C04F79EFBC}") = "KeypadSoftware", "KeypadSoftware.csproj", "{B34FAE9D-F1FD-429E-9C5D-6B39E6636BD8}"
EndProject
Global
	GlobalSection(SolutionConfigurationPlatforms) = preSolution
		Debug|Any CPU = Debug|Any CPU
		Release|Any CPU = Release|Any CPU
	EndGlobalSection
	GlobalSection(ProjectConfigurationPlatforms) = postSolution
		{B34FAE9D-F1FD-429E-9C5D-6B39E6636BD8}.Debug|Any CPU.ActiveCfg = Debug|Any CPU
		{B34FAE9D-F1FD-429E-9C5D-6B39E6636BD8}.Debug|Any CPU.Build.0 = Debug|Any CPU
		{B34FAE9D-F1FD-429E-9C5D-6B39E6636BD8}.Release|Any CPU.ActiveCfg = Release|Any CPU
		{B34FAE9D-F1FD-429E-9C5D-6B39E6636BD8}.Release|Any CPU.Build.0 = Release|Any CPU
	EndGlobalSection
	GlobalSection(SolutionProperties) = preSolution
		HideSolutionNode = FALSE
	EndGlobalSection
	GlobalSection(ExtensibilityGlobals) = postSolution
		SolutionGuid = {D4B0B9EA-B97A-4091-A197-828878C63957}
	EndGlobalSection
EndGlobal
